# This file is automatically @generated by Cargo.
# It is not intended for manual editing.
version = 4

[[package]]
name = "lib_aosp"
version = "0.1.0"
source = "git+https://github.com/dot166/lib_aosp#c9839485e4e361c8b6497c538a4ea2ad8b324af9"

[[package]]
name = "manage"
version = "0.1.0"
dependencies = [
 "lib_aosp",
]
