# This file is automatically @generated by Cargo.
# It is not intended for manual editing.
version = 4

[[package]]
name = "lib_aosp"
version = "0.1.0"
source = "git+https://github.com/dot166/lib_aosp#59346e1b80327b99f007ef336285cae15c55a398"

[[package]]
name = "manage"
version = "0.1.0"
dependencies = [
 "lib_aosp",
]
